github.com/gergovari/deathrattle v0.0.0-20230513051947-38e68579de03 h1:LWfRzKJnzkUmtwFDABXY/b4w5LfpkuFa4wZOEVLia+s=
github.com/gergovari/deathrattle v0.0.0-20230513051947-38e68579de03/go.mod h1:72bFkh3OcEX+sjJbG5aWljENksSuhPi2FEXZ+F0SAEc=
github.com/gergovari/deathrattle v0.0.0-20230513053808-d030bfc1a93e h1:nE0Bo1qW0LsI2rBwU6FLIRg2GeTEnz7BATxhfWmP/y4=
github.com/gergovari/deathrattle v0.0.0-20230513053808-d030bfc1a93e/go.mod h1:bP+whExghlGVrkwW7N5l32EtWIJknZ8m0ArWTVhF4R8=
github.com/gergovari/deathrattle v0.0.0-20230513064248-92565f8d4e84 h1:9/TpJPsStxzYrGaT47WImsXPVv62Xqgcji7jjETOZjc=
github.com/gergovari/deathrattle v0.0.0-20230513064248-92565f8d4e84/go.mod h1:GY8koDYBLx1b8RUmBzVHsnY71s9ZbeS23n+APKi7UKs=
github.com/vyberd/gallery v0.0.0-20230512111403-a99b40b757e5 h1:LVN2fDNpYn/gPm1/hS0SpnN4frUIsUOgqQQM3kQgTzQ=
github.com/vyberd/gallery v0.0.0-20230512111403-a99b40b757e5/go.mod h1:98w/tuJvgS1YKmf3Dcy9EGp3uSr7QLjpeWh+vMF94aA=
github.com/vyberd/tracking v0.0.0-20230508142508-df817e537ed9 h1:dexFuY3rG1ngs3qtp/3IJImFkdzY1Zfi4KsyB4MaC2k=
github.com/vyberd/tracking v0.0.0-20230508142508-df817e537ed9/go.mod h1:FEGIYUlkQtmWlRvBOHufAY5k/keLMfXSGCBoH17vTZs=
